
Microsoft Visual Studio Solution File, Format Version 12.00
# Visual Studio Version 17
VisualStudioVersion = 17.7.34031.279
MinimumVisualStudioVersion = 10.0.40219.1
Project("{FAE04EC0-301F-11D3-BF4B-00C04F79EFBC}") = "PrettyTable", "PrettyTable\PrettyTable.csproj", "{3D9C9A60-6CC0-4138-923B-772F33526BC6}"
EndProject
Project("{FAE04EC0-301F-11D3-BF4B-00C04F79EFBC}") = "PrettyTable.Tests", "PrettyTable.Tests\PrettyTable.Tests.csproj", "{346803A4-9768-4866-8B59-DCB82BFF3F6A}"
EndProject
Global
	GlobalSection(SolutionConfigurationPlatforms) = preSolution
		Debug|Any CPU = Debug|Any CPU
		Release|Any CPU = Release|Any CPU
	EndGlobalSection
	GlobalSection(ProjectConfigurationPlatforms) = postSolution
		{3D9C9A60-6CC0-4138-923B-772F33526BC6}.Debug|Any CPU.ActiveCfg = Debug|Any CPU
		{3D9C9A60-6CC0-4138-923B-772F33526BC6}.Debug|Any CPU.Build.0 = Debug|Any CPU
		{3D9C9A60-6CC0-4138-923B-772F33526BC6}.Release|Any CPU.ActiveCfg = Release|Any CPU
		{3D9C9A60-6CC0-4138-923B-772F33526BC6}.Release|Any CPU.Build.0 = Release|Any CPU
		{346803A4-9768-4866-8B59-DCB82BFF3F6A}.Debug|Any CPU.ActiveCfg = Debug|Any CPU
		{346803A4-9768-4866-8B59-DCB82BFF3F6A}.Debug|Any CPU.Build.0 = Debug|Any CPU
		{346803A4-9768-4866-8B59-DCB82BFF3F6A}.Release|Any CPU.ActiveCfg = Release|Any CPU
		{346803A4-9768-4866-8B59-DCB82BFF3F6A}.Release|Any CPU.Build.0 = Release|Any CPU
	EndGlobalSection
	GlobalSection(SolutionProperties) = preSolution
		HideSolutionNode = FALSE
	EndGlobalSection
	GlobalSection(ExtensibilityGlobals) = postSolution
		SolutionGuid = {0F8563C5-C330-41C1-A90D-6B07A33D8A7F}
	EndGlobalSection
EndGlobal
